// !$*UTF8*$!
{
	archiveVersion = 1;
	classes = {
	};
	objectVersion = 46;
	objects = {

/* Begin PBXBuildFile section */
		C7619B961B3A1A5A0056D6F6 /* main.m in Sources */ = {isa = PBXBuildFile; fileRef = C7619B951B3A1A5A0056D6F6 /* main.m */; };
		C7619B991B3A1A5A0056D6F6 /* AppDelegate.m in Sources */ = {isa = PBXBuildFile; fileRef = C7619B981B3A1A5A0056D6F6 /* AppDelegate.m */; };
		C7619B9C1B3A1A5A0056D6F6 /* ViewController.m in Sources */ = {isa = PBXBuildFile; fileRef = C7619B9B1B3A1A5A0056D6F6 /* ViewController.m */; };
		C7619B9F1B3A1A5A0056D6F6 /* Main.storyboard in Resources */ = {isa = PBXBuildFile; fileRef = C7619B9D1B3A1A5A0056D6F6 /* Main.storyboard */; };
		C7619BA11B3A1A5A0056D6F6 /* Images.xcassets in Resources */ = {isa = PBXBuildFile; fileRef = C7619BA01B3A1A5A0056D6F6 /* Images.xcassets */; };
		C7619BA41B3A1A5A0056D6F6 /* LaunchScreen.xib in Resources */ = {isa = PBXBuildFile; fileRef = C7619BA21B3A1A5A0056D6F6 /* LaunchScreen.xib */; };
		C7619BB01B3A1A5A0056D6F6 /* ColorBoardTests.m in Sources */ = {isa = PBXBuildFile; fileRef = C7619BAF1B3A1A5A0056D6F6 /* ColorBoardTests.m */; };
		C7619BBB1B3A274B0056D6F6 /* ColorViewController.m in Sources */ = {isa = PBXBuildFile; fileRef = C7619BBA1B3A274B0056D6F6 /* ColorViewController.m */; };
		C7619BBE1B3A33150056D6F6 /* PaletteViewController.m in Sources */ = {isa = PBXBuildFile; fileRef = C7619BBD1B3A33150056D6F6 /* PaletteViewController.m */; };
		C7619BC11B3A34B70056D6F6 /* ColorDescription.m in Sources */ = {isa = PBXBuildFile; fileRef = C7619BC01B3A34B70056D6F6 /* ColorDescription.m */; };
/* End PBXBuildFile section */

/* Begin PBXContainerItemProxy section */
		C7619BAA1B3A1A5A0056D6F6 /* PBXContainerItemProxy */ = {
			isa = PBXContainerItemProxy;
			containerPortal = C7619B881B3A1A5A0056D6F6 /* Project object */;
			proxyType = 1;
			remoteGlobalIDString = C7619B8F1B3A1A5A0056D6F6;
			remoteInfo = ColorBoard;
		};
/* End PBXContainerItemProxy section */

/* Begin PBXFileReference section */
		C7619B901B3A1A5A0056D6F6 /* ColorBoard.app */ = {isa = PBXFileReference; explicitFileType = wrapper.application; includeInIndex = 0; path = ColorBoard.app; sourceTree = BUILT_PRODUCTS_DIR; };
		C7619B941B3A1A5A0056D6F6 /* Info.plist */ = {isa = PBXFileReference; lastKnownFileType = text.plist.xml; path = Info.plist; sourceTree = "<group>"; };
		C7619B951B3A1A5A0056D6F6 /* main.m */ = {isa = PBXFileReference; lastKnownFileType = sourcecode.c.objc; path = main.m; sourceTree = "<group>"; };
		C7619B971B3A1A5A0056D6F6 /* AppDelegate.h */ = {isa = PBXFileReference; lastKnownFileType = sourcecode.c.h; path = AppDelegate.h; sourceTree = "<group>"; };
		C7619B981B3A1A5A0056D6F6 /* AppDelegate.m */ = {isa = PBXFileReference; lastKnownFileType = sourcecode.c.objc; path = AppDelegate.m; sourceTree = "<group>"; };
		C7619B9A1B3A1A5A0056D6F6 /* ViewController.h */ = {isa = PBXFileReference; lastKnownFileType = sourcecode.c.h; path = ViewController.h; sourceTree = "<group>"; };
		C7619B9B1B3A1A5A0056D6F6 /* ViewController.m */ = {isa = PBXFileReference; lastKnownFileType = sourcecode.c.objc; path = ViewController.m; sourceTree = "<group>"; };
		C7619B9E1B3A1A5A0056D6F6 /* Base */ = {isa = PBXFileReference; lastKnownFileType = file.storyboard; name = Base; path = Base.lproj/Main.storyboard; sourceTree = "<group>"; };
		C7619BA01B3A1A5A0056D6F6 /* Images.xcassets */ = {isa = PBXFileReference; lastKnownFileType = folder.assetcatalog; path = Images.xcassets; sourceTree = "<group>"; };
		C7619BA31B3A1A5A0056D6F6 /* Base */ = {isa = PBXFileReference; lastKnownFileType = file.xib; name = Base; path = Base.lproj/LaunchScreen.xib; sourceTree = "<group>"; };
		C7619BA91B3A1A5A0056D6F6 /* ColorBoardTests.xctest */ = {isa = PBXFileReference; explicitFileType = wrapper.cfbundle; includeInIndex = 0; path = ColorBoardTests.xctest; sourceTree = BUILT_PRODUCTS_DIR; };
		C7619BAE1B3A1A5A0056D6F6 /* Info.plist */ = {isa = PBXFileReference; lastKnownFileType = text.plist.xml; path = Info.plist; sourceTree = "<group>"; };
		C7619BAF1B3A1A5A0056D6F6 /* ColorBoardTests.m */ = {isa = PBXFileReference; lastKnownFileType = sourcecode.c.objc; path = ColorBoardTests.m; sourceTree = "<group>"; };
		C7619BB91B3A274B0056D6F6 /* ColorViewController.h */ = {isa = PBXFileReference; fileEncoding = 4; lastKnownFileType = sourcecode.c.h; path = ColorViewController.h; sourceTree = "<group>"; };
		C7619BBA1B3A274B0056D6F6 /* ColorViewController.m */ = {isa = PBXFileReference; fileEncoding = 4; lastKnownFileType = sourcecode.c.objc; path = ColorViewController.m; sourceTree = "<group>"; };
		C7619BBC1B3A33150056D6F6 /* PaletteViewController.h */ = {isa = PBXFileReference; fileEncoding = 4; lastKnownFileType = sourcecode.c.h; path = PaletteViewController.h; sourceTree = "<group>"; };
		C7619BBD1B3A33150056D6F6 /* PaletteViewController.m */ = {isa = PBXFileReference; fileEncoding = 4; lastKnownFileType = sourcecode.c.objc; path = PaletteViewController.m; sourceTree = "<group>"; };
		C7619BBF1B3A34B70056D6F6 /* ColorDescription.h */ = {isa = PBXFileReference; fileEncoding = 4; lastKnownFileType = sourcecode.c.h; path = ColorDescription.h; sourceTree = "<group>"; };
		C7619BC01B3A34B70056D6F6 /* ColorDescription.m */ = {isa = PBXFileReference; fileEncoding = 4; lastKnownFileType = sourcecode.c.objc; path = ColorDescription.m; sourceTree = "<group>"; };
/* End PBXFileReference section */

/* Begin PBXFrameworksBuildPhase section */
		C7619B8D1B3A1A5A0056D6F6 /* Frameworks */ = {
			isa = PBXFrameworksBuildPhase;
			buildActionMask = 2147483647;
			files = (
			);
			runOnlyForDeploymentPostprocessing = 0;
		};
		C7619BA61B3A1A5A0056D6F6 /* Frameworks */ = {
			isa = PBXFrameworksBuildPhase;
			buildActionMask = 2147483647;
			files = (
			);
			runOnlyForDeploymentPostprocessing = 0;
		};
/* End PBXFrameworksBuildPhase section */

/* Begin PBXGroup section */
		C7619B871B3A1A5A0056D6F6 = {
			isa = PBXGroup;
			children = (
				C7619B921B3A1A5A0056D6F6 /* ColorBoard */,
				C7619BAC1B3A1A5A0056D6F6 /* ColorBoardTests */,
				C7619B911B3A1A5A0056D6F6 /* Products */,
			);
			sourceTree = "<group>";
		};
		C7619B911B3A1A5A0056D6F6 /* Products */ = {
			isa = PBXGroup;
			children = (
				C7619B901B3A1A5A0056D6F6 /* ColorBoard.app */,
				C7619BA91B3A1A5A0056D6F6 /* ColorBoardTests.xctest */,
			);
			name = Products;
			sourceTree = "<group>";
		};
		C7619B921B3A1A5A0056D6F6 /* ColorBoard */ = {
			isa = PBXGroup;
			children = (
				C7619B971B3A1A5A0056D6F6 /* AppDelegate.h */,
				C7619B981B3A1A5A0056D6F6 /* AppDelegate.m */,
				C7619B9A1B3A1A5A0056D6F6 /* ViewController.h */,
				C7619B9B1B3A1A5A0056D6F6 /* ViewController.m */,
				C7619BB91B3A274B0056D6F6 /* ColorViewController.h */,
				C7619BBA1B3A274B0056D6F6 /* ColorViewController.m */,
				C7619B9D1B3A1A5A0056D6F6 /* Main.storyboard */,
				C7619BBC1B3A33150056D6F6 /* PaletteViewController.h */,
				C7619BBD1B3A33150056D6F6 /* PaletteViewController.m */,
				C7619BBF1B3A34B70056D6F6 /* ColorDescription.h */,
				C7619BC01B3A34B70056D6F6 /* ColorDescription.m */,
				C7619BA01B3A1A5A0056D6F6 /* Images.xcassets */,
				C7619BA21B3A1A5A0056D6F6 /* LaunchScreen.xib */,
				C7619B931B3A1A5A0056D6F6 /* Supporting Files */,
			);
			path = ColorBoard;
			sourceTree = "<group>";
		};
		C7619B931B3A1A5A0056D6F6 /* Supporting Files */ = {
			isa = PBXGroup;
			children = (
				C7619B941B3A1A5A0056D6F6 /* Info.plist */,
				C7619B951B3A1A5A0056D6F6 /* main.m */,
			);
			name = "Supporting Files";
			sourceTree = "<group>";
		};
		C7619BAC1B3A1A5A0056D6F6 /* ColorBoardTests */ = {
			isa = PBXGroup;
			children = (
				C7619BAF1B3A1A5A0056D6F6 /* ColorBoardTests.m */,
				C7619BAD1B3A1A5A0056D6F6 /* Supporting Files */,
			);
			path = ColorBoardTests;
			sourceTree = "<group>";
		};
		C7619BAD1B3A1A5A0056D6F6 /* Supporting Files */ = {
			isa = PBXGroup;
			children = (
				C7619BAE1B3A1A5A0056D6F6 /* Info.plist */,
			);
			name = "Supporting Files";
			sourceTree = "<group>";
		};
/* End PBXGroup section */

/* Begin PBXNativeTarget section */
		C7619B8F1B3A1A5A0056D6F6 /* ColorBoard */ = {
			isa = PBXNativeTarget;
			buildConfigurationList = C7619BB31B3A1A5A0056D6F6 /* Build configuration list for PBXNativeTarget "ColorBoard" */;
			buildPhases = (
				C7619B8C1B3A1A5A0056D6F6 /* Sources */,
				C7619B8D1B3A1A5A0056D6F6 /* Frameworks */,
				C7619B8E1B3A1A5A0056D6F6 /* Resources */,
			);
			buildRules = (
			);
			dependencies = (
			);
			name = ColorBoard;
			productName = ColorBoard;
			productReference = C7619B901B3A1A5A0056D6F6 /* ColorBoard.app */;
			productType = "com.apple.product-type.application";
		};
		C7619BA81B3A1A5A0056D6F6 /* ColorBoardTests */ = {
			isa = PBXNativeTarget;
			buildConfigurationList = C7619BB61B3A1A5A0056D6F6 /* Build configuration list for PBXNativeTarget "ColorBoardTests" */;
			buildPhases = (
				C7619BA51B3A1A5A0056D6F6 /* Sources */,
				C7619BA61B3A1A5A0056D6F6 /* Frameworks */,
				C7619BA71B3A1A5A0056D6F6 /* Resources */,
			);
			buildRules = (
			);
			dependencies = (
				C7619BAB1B3A1A5A0056D6F6 /* PBXTargetDependency */,
			);
			name = ColorBoardTests;
			productName = ColorBoardTests;
			productReference = C7619BA91B3A1A5A0056D6F6 /* ColorBoardTests.xctest */;
			productType = "com.apple.product-type.bundle.unit-test";
		};
/* End PBXNativeTarget section */

/* Begin PBXProject section */
		C7619B881B3A1A5A0056D6F6 /* Project object */ = {
			isa = PBXProject;
			attributes = {
				LastUpgradeCheck = 0630;
				ORGANIZATIONNAME = "Big Nerd Ranch";
				TargetAttributes = {
					C7619B8F1B3A1A5A0056D6F6 = {
						CreatedOnToolsVersion = 6.3.2;
					};
					C7619BA81B3A1A5A0056D6F6 = {
						CreatedOnToolsVersion = 6.3.2;
						TestTargetID = C7619B8F1B3A1A5A0056D6F6;
					};
				};
			};
			buildConfigurationList = C7619B8B1B3A1A5A0056D6F6 /* Build configuration list for PBXProject "ColorBoard" */;
			compatibilityVersion = "Xcode 3.2";
			developmentRegion = English;
			hasScannedForEncodings = 0;
			knownRegions = (
				en,
				Base,
			);
			mainGroup = C7619B871B3A1A5A0056D6F6;
			productRefGroup = C7619B911B3A1A5A0056D6F6 /* Products */;
			projectDirPath = "";
			projectRoot = "";
			targets = (
				C7619B8F1B3A1A5A0056D6F6 /* ColorBoard */,
				C7619BA81B3A1A5A0056D6F6 /* ColorBoardTests */,
			);
		};
/* End PBXProject section */

/* Begin PBXResourcesBuildPhase section */
		C7619B8E1B3A1A5A0056D6F6 /* Resources */ = {
			isa = PBXResourcesBuildPhase;
			buildActionMask = 2147483647;
			files = (
				C7619B9F1B3A1A5A0056D6F6 /* Main.storyboard in Resources */,
				C7619BA41B3A1A5A0056D6F6 /* LaunchScreen.xib in Resources */,
				C7619BA11B3A1A5A0056D6F6 /* Images.xcassets in Resources */,
			);
			runOnlyForDeploymentPostprocessing = 0;
		};
		C7619BA71B3A1A5A0056D6F6 /* Resources */ = {
			isa = PBXResourcesBuildPhase;
			buildActionMask = 2147483647;
			files = (
			);
			runOnlyForDeploymentPostprocessing = 0;
		};
/* End PBXResourcesBuildPhase section */

/* Begin PBXSourcesBuildPhase section */
		C7619B8C1B3A1A5A0056D6F6 /* Sources */ = {
			isa = PBXSourcesBuildPhase;
			buildActionMask = 2147483647;
			files = (
				C7619B9C1B3A1A5A0056D6F6 /* ViewController.m in Sources */,
				C7619B991B3A1A5A0056D6F6 /* AppDelegate.m in Sources */,
				C7619BBB1B3A274B0056D6F6 /* ColorViewController.m in Sources */,
				C7619B961B3A1A5A0056D6F6 /* main.m in Sources */,
				C7619BC11B3A34B70056D6F6 /* ColorDescription.m in Sources */,
				C7619BBE1B3A33150056D6F6 /* PaletteViewController.m in Sources */,
			);
			runOnlyForDeploymentPostprocessing = 0;
		};
		C7619BA51B3A1A5A0056D6F6 /* Sources */ = {
			isa = PBXSourcesBuildPhase;
			buildActionMask = 2147483647;
			files = (
				C7619BB01B3A1A5A0056D6F6 /* ColorBoardTests.m in Sources */,
			);
			runOnlyForDeploymentPostprocessing = 0;
		};
/* End PBXSourcesBuildPhase section */

/* Begin PBXTargetDependency section */
		C7619BAB1B3A1A5A0056D6F6 /* PBXTargetDependency */ = {
			isa = PBXTargetDependency;
			target = C7619B8F1B3A1A5A0056D6F6 /* ColorBoard */;
			targetProxy = C7619BAA1B3A1A5A0056D6F6 /* PBXContainerItemProxy */;
		};
/* End PBXTargetDependency section */

/* Begin PBXVariantGroup section */
		C7619B9D1B3A1A5A0056D6F6 /* Main.storyboard */ = {
			isa = PBXVariantGroup;
			children = (
				C7619B9E1B3A1A5A0056D6F6 /* Base */,
			);
			name = Main.storyboard;
			sourceTree = "<group>";
		};
		C7619BA21B3A1A5A0056D6F6 /* LaunchScreen.xib */ = {
			isa = PBXVariantGroup;
			children = (
				C7619BA31B3A1A5A0056D6F6 /* Base */,
			);
			name = LaunchScreen.xib;
			sourceTree = "<group>";
		};
/* End PBXVariantGroup section */

/* Begin XCBuildConfiguration section */
		C7619BB11B3A1A5A0056D6F6 /* Debug */ = {
			isa = XCBuildConfiguration;
			buildSettings = {
				ALWAYS_SEARCH_USER_PATHS = NO;
				CLANG_CXX_LANGUAGE_STANDARD = "gnu++0x";
				CLANG_CXX_LIBRARY = "libc++";
				CLANG_ENABLE_MODULES = YES;
				CLANG_ENABLE_OBJC_ARC = YES;
				CLANG_WARN_BOOL_CONVERSION = YES;
				CLANG_WARN_CONSTANT_CONVERSION = YES;
				CLANG_WARN_DIRECT_OBJC_ISA_USAGE = YES_ERROR;
				CLANG_WARN_EMPTY_BODY = YES;
				CLANG_WARN_ENUM_CONVERSION = YES;
				CLANG_WARN_INT_CONVERSION = YES;
				CLANG_WARN_OBJC_ROOT_CLASS = YES_ERROR;
				CLANG_WARN_UNREACHABLE_CODE = YES;
				CLANG_WARN__DUPLICATE_METHOD_MATCH = YES;
				"CODE_SIGN_IDENTITY[sdk=iphoneos*]" = "iPhone Developer";
				COPY_PHASE_STRIP = NO;
				DEBUG_INFORMATION_FORMAT = "dwarf-with-dsym";
				ENABLE_STRICT_OBJC_MSGSEND = YES;
				GCC_C_LANGUAGE_STANDARD = gnu99;
				GCC_DYNAMIC_NO_PIC = NO;
				GCC_NO_COMMON_BLOCKS = YES;
				GCC_OPTIMIZATION_LEVEL = 0;
				GCC_PREPROCESSOR_DEFINITIONS = (
					"DEBUG=1",
					"$(inherited)",
				);
				GCC_SYMBOLS_PRIVATE_EXTERN = NO;
				GCC_WARN_64_TO_32_BIT_CONVERSION = YES;
				GCC_WARN_ABOUT_RETURN_TYPE = YES_ERROR;
				GCC_WARN_UNDECLARED_SELECTOR = YES;
				GCC_WARN_UNINITIALIZED_AUTOS = YES_AGGRESSIVE;
				GCC_WARN_UNUSED_FUNCTION = YES;
				GCC_WARN_UNUSED_VARIABLE = YES;
				IPHONEOS_DEPLOYMENT_TARGET = 8.3;
				MTL_ENABLE_DEBUG_INFO = YES;
				ONLY_ACTIVE_ARCH = YES;
				SDKROOT = iphoneos;
			};
			name = Debug;
		};
		C7619BB21B3A1A5A0056D6F6 /* Release */ = {
			isa = XCBuildConfiguration;
			buildSettings = {
				ALWAYS_SEARCH_USER_PATHS = NO;
				CLANG_CXX_LANGUAGE_STANDARD = "gnu++0x";
				CLANG_CXX_LIBRARY = "libc++";
				CLANG_ENABLE_MODULES = YES;
				CLANG_ENABLE_OBJC_ARC = YES;
				CLANG_WARN_BOOL_CONVERSION = YES;
				CLANG_WARN_CONSTANT_CONVERSION = YES;
				CLANG_WARN_DIRECT_OBJC_ISA_USAGE = YES_ERROR;
				CLANG_WARN_EMPTY_BODY = YES;
				CLANG_WARN_ENUM_CONVERSION = YES;
				CLANG_WARN_INT_CONVERSION = YES;
				CLANG_WARN_OBJC_ROOT_CLASS = YES_ERROR;
				CLANG_WARN_UNREACHABLE_CODE = YES;
				CLANG_WARN__DUPLICATE_METHOD_MATCH = YES;
				"CODE_SIGN_IDENTITY[sdk=iphoneos*]" = "iPhone Developer";
				COPY_PHASE_STRIP = NO;
				DEBUG_INFORMATION_FORMAT = "dwarf-with-dsym";
				ENABLE_NS_ASSERTIONS = NO;
				ENABLE_STRICT_OBJC_MSGSEND = YES;
				GCC_C_LANGUAGE_STANDARD = gnu99;
				GCC_NO_COMMON_BLOCKS = YES;
				GCC_WARN_64_TO_32_BIT_CONVERSION = YES;
				GCC_WARN_ABOUT_RETURN_TYPE = YES_ERROR;
				GCC_WARN_UNDECLARED_SELECTOR = YES;
				GCC_WARN_UNINITIALIZED_AUTOS = YES_AGGRESSIVE;
				GCC_WARN_UNUSED_FUNCTION = YES;
				GCC_WARN_UNUSED_VARIABLE = YES;
				IPHONEOS_DEPLOYMENT_TARGET = 8.3;
				MTL_ENABLE_DEBUG_INFO = NO;
				SDKROOT = iphoneos;
				VALIDATE_PRODUCT = YES;
			};
			name = Release;
		};
		C7619BB41B3A1A5A0056D6F6 /* Debug */ = {
			isa = XCBuildConfiguration;
			buildSettings = {
				ASSETCATALOG_COMPILER_APPICON_NAME = AppIcon;
				INFOPLIST_FILE = ColorBoard/Info.plist;
				LD_RUNPATH_SEARCH_PATHS = "$(inherited) @executable_path/Frameworks";
				PRODUCT_NAME = "$(TARGET_NAME)";
			};
			name = Debug;
		};
		C7619BB51B3A1A5A0056D6F6 /* Release */ = {
			isa = XCBuildConfiguration;
			buildSettings = {
				ASSETCATALOG_COMPILER_APPICON_NAME = AppIcon;
				INFOPLIST_FILE = ColorBoard/Info.plist;
				LD_RUNPATH_SEARCH_PATHS = "$(inherited) @executable_path/Frameworks";
				PRODUCT_NAME = "$(TARGET_NAME)";
			};
			name = Release;
		};
		C7619BB71B3A1A5A0056D6F6 /* Debug */ = {
			isa = XCBuildConfiguration;
			buildSettings = {
				BUNDLE_LOADER = "$(TEST_HOST)";
				FRAMEWORK_SEARCH_PATHS = (
					"$(SDKROOT)/Developer/Library/Frameworks",
					"$(inherited)",
				);
				GCC_PREPROCESSOR_DEFINITIONS = (
					"DEBUG=1",
					"$(inherited)",
				);
				INFOPLIST_FILE = ColorBoardTests/Info.plist;
				LD_RUNPATH_SEARCH_PATHS = "$(inherited) @executable_path/Frameworks @loader_path/Frameworks";
				PRODUCT_NAME = "$(TARGET_NAME)";
				TEST_HOST = "$(BUILT_PRODUCTS_DIR)/ColorBoard.app/ColorBoard";
			};
			name = Debug;
		};
		C7619BB81B3A1A5A0056D6F6 /* Release */ = {
			isa = XCBuildConfiguration;
			buildSettings = {
				BUNDLE_LOADER = "$(TEST_HOST)";
				FRAMEWORK_SEARCH_PATHS = (
					"$(SDKROOT)/Developer/Library/Frameworks",
					"$(inherited)",
				);
				INFOPLIST_FILE = ColorBoardTests/Info.plist;
				LD_RUNPATH_SEARCH_PATHS = "$(inherited) @executable_path/Frameworks @loader_path/Frameworks";
				PRODUCT_NAME = "$(TARGET_NAME)";
				TEST_HOST = "$(BUILT_PRODUCTS_DIR)/ColorBoard.app/ColorBoard";
			};
			name = Release;
		};
/* End XCBuildConfiguration section */

/* Begin XCConfigurationList section */
		C7619B8B1B3A1A5A0056D6F6 /* Build configuration list for PBXProject "ColorBoard" */ = {
			isa = XCConfigurationList;
			buildConfigurations = (
				C7619BB11B3A1A5A0056D6F6 /* Debug */,
				C7619BB21B3A1A5A0056D6F6 /* Release */,
			);
			defaultConfigurationIsVisible = 0;
			defaultConfigurationName = Release;
		};
		C7619BB31B3A1A5A0056D6F6 /* Build configuration list for PBXNativeTarget "ColorBoard" */ = {
			isa = XCConfigurationList;
			buildConfigurations = (
				C7619BB41B3A1A5A0056D6F6 /* Debug */,
				C7619BB51B3A1A5A0056D6F6 /* Release */,
			);
			defaultConfigurationIsVisible = 0;
		};
		C7619BB61B3A1A5A0056D6F6 /* Build configuration list for PBXNativeTarget "ColorBoardTests" */ = {
			isa = XCConfigurationList;
			buildConfigurations = (
				C7619BB71B3A1A5A0056D6F6 /* Debug */,
				C7619BB81B3A1A5A0056D6F6 /* Release */,
			);
			defaultConfigurationIsVisible = 0;
		};
/* End XCConfigurationList section */
	};
	rootObject = C7619B881B3A1A5A0056D6F6 /* Project object */;
}
